
Microsoft Visual Studio Solution File, Format Version 12.00
# Visual Studio 2013
VisualStudioVersion = 12.0.31101.0
MinimumVisualStudioVersion = 10.0.40219.1
Project("{FAE04EC0-301F-11D3-BF4B-00C04F79EFBC}") = "NameSortTests", "NameSortTests\NameSortTests.csproj", "{14132D01-F386-4C8F-A8DE-A92B3B594FB0}"
EndProject
Project("{FAE04EC0-301F-11D3-BF4B-00C04F79EFBC}") = "NameSort", "..\NameSort\NameSort\NameSort.csproj", "{DDB9BBD8-57DB-4EB8-956A-D15B74DFF30E}"
EndProject
Global
	GlobalSection(SolutionConfigurationPlatforms) = preSolution
		Debug|Any CPU = Debug|Any CPU
		Release|Any CPU = Release|Any CPU
	EndGlobalSection
	GlobalSection(ProjectConfigurationPlatforms) = postSolution
		{14132D01-F386-4C8F-A8DE-A92B3B594FB0}.Debug|Any CPU.ActiveCfg = Debug|Any CPU
		{14132D01-F386-4C8F-A8DE-A92B3B594FB0}.Debug|Any CPU.Build.0 = Debug|Any CPU
		{14132D01-F386-4C8F-A8DE-A92B3B594FB0}.Release|Any CPU.ActiveCfg = Release|Any CPU
		{14132D01-F386-4C8F-A8DE-A92B3B594FB0}.Release|Any CPU.Build.0 = Release|Any CPU
		{DDB9BBD8-57DB-4EB8-956A-D15B74DFF30E}.Debug|Any CPU.ActiveCfg = Debug|Any CPU
		{DDB9BBD8-57DB-4EB8-956A-D15B74DFF30E}.Debug|Any CPU.Build.0 = Debug|Any CPU
		{DDB9BBD8-57DB-4EB8-956A-D15B74DFF30E}.Release|Any CPU.ActiveCfg = Release|Any CPU
		{DDB9BBD8-57DB-4EB8-956A-D15B74DFF30E}.Release|Any CPU.Build.0 = Release|Any CPU
	EndGlobalSection
	GlobalSection(SolutionProperties) = preSolution
		HideSolutionNode = FALSE
	EndGlobalSection
EndGlobal
